
Microsoft Visual Studio Solution File, Format Version 12.00
# Visual Studio Version 17
VisualStudioVersion = 17.8.34322.80
MinimumVisualStudioVersion = 10.0.40219.1
Project("{9A19103F-16F7-4668-BE54-9A1E7A4F7556}") = "Entities", "Entities\Entities.csproj", "{2CA99543-941F-4981-ABD3-0A8DBB046DE0}"
EndProject
Project("{9A19103F-16F7-4668-BE54-9A1E7A4F7556}") = "Business", "Business\Business.csproj", "{E2E32E01-EFEA-4D41-9417-06F2F4A9A135}"
EndProject
Project("{9A19103F-16F7-4668-BE54-9A1E7A4F7556}") = "DataAccess", "DataAccess\DataAccess.csproj", "{B3EBE9C8-3F6A-4E82-A187-341EC6EAC088}"
EndProject
Project("{9A19103F-16F7-4668-BE54-9A1E7A4F7556}") = "Core", "Core\Core.csproj", "{024B95D1-A90F-4404-9466-29BC7B048548}"
EndProject
Project("{9A19103F-16F7-4668-BE54-9A1E7A4F7556}") = "WebAPI", "WebAPI\WebAPI.csproj", "{6949D21D-8C9F-4AC3-9E85-73534A6FBFCD}"
EndProject
Global
	GlobalSection(SolutionConfigurationPlatforms) = preSolution
		Debug|Any CPU = Debug|Any CPU
		Release|Any CPU = Release|Any CPU
	EndGlobalSection
	GlobalSection(ProjectConfigurationPlatforms) = postSolution
		{2CA99543-941F-4981-ABD3-0A8DBB046DE0}.Debug|Any CPU.ActiveCfg = Debug|Any CPU
		{2CA99543-941F-4981-ABD3-0A8DBB046DE0}.Debug|Any CPU.Build.0 = Debug|Any CPU
		{2CA99543-941F-4981-ABD3-0A8DBB046DE0}.Release|Any CPU.ActiveCfg = Release|Any CPU
		{2CA99543-941F-4981-ABD3-0A8DBB046DE0}.Release|Any CPU.Build.0 = Release|Any CPU
		{E2E32E01-EFEA-4D41-9417-06F2F4A9A135}.Debug|Any CPU.ActiveCfg = Debug|Any CPU
		{E2E32E01-EFEA-4D41-9417-06F2F4A9A135}.Debug|Any CPU.Build.0 = Debug|Any CPU
		{E2E32E01-EFEA-4D41-9417-06F2F4A9A135}.Release|Any CPU.ActiveCfg = Release|Any CPU
		{E2E32E01-EFEA-4D41-9417-06F2F4A9A135}.Release|Any CPU.Build.0 = Release|Any CPU
		{B3EBE9C8-3F6A-4E82-A187-341EC6EAC088}.Debug|Any CPU.ActiveCfg = Debug|Any CPU
		{B3EBE9C8-3F6A-4E82-A187-341EC6EAC088}.Debug|Any CPU.Build.0 = Debug|Any CPU
		{B3EBE9C8-3F6A-4E82-A187-341EC6EAC088}.Release|Any CPU.ActiveCfg = Release|Any CPU
		{B3EBE9C8-3F6A-4E82-A187-341EC6EAC088}.Release|Any CPU.Build.0 = Release|Any CPU
		{024B95D1-A90F-4404-9466-29BC7B048548}.Debug|Any CPU.ActiveCfg = Debug|Any CPU
		{024B95D1-A90F-4404-9466-29BC7B048548}.Debug|Any CPU.Build.0 = Debug|Any CPU
		{024B95D1-A90F-4404-9466-29BC7B048548}.Release|Any CPU.ActiveCfg = Release|Any CPU
		{024B95D1-A90F-4404-9466-29BC7B048548}.Release|Any CPU.Build.0 = Release|Any CPU
		{6949D21D-8C9F-4AC3-9E85-73534A6FBFCD}.Debug|Any CPU.ActiveCfg = Debug|Any CPU
		{6949D21D-8C9F-4AC3-9E85-73534A6FBFCD}.Debug|Any CPU.Build.0 = Debug|Any CPU
		{6949D21D-8C9F-4AC3-9E85-73534A6FBFCD}.Release|Any CPU.ActiveCfg = Release|Any CPU
		{6949D21D-8C9F-4AC3-9E85-73534A6FBFCD}.Release|Any CPU.Build.0 = Release|Any CPU
	EndGlobalSection
	GlobalSection(SolutionProperties) = preSolution
		HideSolutionNode = FALSE
	EndGlobalSection
	GlobalSection(ExtensibilityGlobals) = postSolution
		SolutionGuid = {5231B2EF-A00D-4B7F-AEEE-6C99357734F5}
	EndGlobalSection
EndGlobal
